
Microsoft Visual Studio Solution File, Format Version 12.00
# Visual Studio 15
VisualStudioVersion = 15.0.27703.2026
MinimumVisualStudioVersion = 10.0.40219.1
Project("{FAE04EC0-301F-11D3-BF4B-00C04F79EFBC}") = "DogApiRest.Android", "DogApiRest\DogApiRest.Android\DogApiRest.Android.csproj", "{91E9FB24-0EAC-4F21-B2C8-246332DBA26F}"
EndProject
Project("{FAE04EC0-301F-11D3-BF4B-00C04F79EFBC}") = "DogApiRest.iOS", "DogApiRest\DogApiRest.iOS\DogApiRest.iOS.csproj", "{B39E5A74-88F2-437D-B69A-2DA3E883172C}"
EndProject
Project("{FAE04EC0-301F-11D3-BF4B-00C04F79EFBC}") = "DogApiRest", "DogApiRest\DogApiRest\DogApiRest.csproj", "{1D27E7D0-22ED-495C-8A25-7B9AECDF36AA}"
EndProject
Global
	GlobalSection(SolutionConfigurationPlatforms) = preSolution
		Ad-Hoc|Any CPU = Ad-Hoc|Any CPU
		Ad-Hoc|iPhone = Ad-Hoc|iPhone
		Ad-Hoc|iPhoneSimulator = Ad-Hoc|iPhoneSimulator
		AppStore|Any CPU = AppStore|Any CPU
		AppStore|iPhone = AppStore|iPhone
		AppStore|iPhoneSimulator = AppStore|iPhoneSimulator
		Debug|Any CPU = Debug|Any CPU
		Debug|iPhone = Debug|iPhone
		Debug|iPhoneSimulator = Debug|iPhoneSimulator
		Release|Any CPU = Release|Any CPU
		Release|iPhone = Release|iPhone
		Release|iPhoneSimulator = Release|iPhoneSimulator
	EndGlobalSection
	GlobalSection(ProjectConfigurationPlatforms) = postSolution
		{91E9FB24-0EAC-4F21-B2C8-246332DBA26F}.Ad-Hoc|Any CPU.ActiveCfg = Release|Any CPU
		{91E9FB24-0EAC-4F21-B2C8-246332DBA26F}.Ad-Hoc|Any CPU.Build.0 = Release|Any CPU
		{91E9FB24-0EAC-4F21-B2C8-246332DBA26F}.Ad-Hoc|Any CPU.Deploy.0 = Release|Any CPU
		{91E9FB24-0EAC-4F21-B2C8-246332DBA26F}.Ad-Hoc|iPhone.ActiveCfg = Release|Any CPU
		{91E9FB24-0EAC-4F21-B2C8-246332DBA26F}.Ad-Hoc|iPhone.Build.0 = Release|Any CPU
		{91E9FB24-0EAC-4F21-B2C8-246332DBA26F}.Ad-Hoc|iPhone.Deploy.0 = Release|Any CPU
		{91E9FB24-0EAC-4F21-B2C8-246332DBA26F}.Ad-Hoc|iPhoneSimulator.ActiveCfg = Release|Any CPU
		{91E9FB24-0EAC-4F21-B2C8-246332DBA26F}.Ad-Hoc|iPhoneSimulator.Build.0 = Release|Any CPU
		{91E9FB24-0EAC-4F21-B2C8-246332DBA26F}.Ad-Hoc|iPhoneSimulator.Deploy.0 = Release|Any CPU
		{91E9FB24-0EAC-4F21-B2C8-246332DBA26F}.AppStore|Any CPU.ActiveCfg = Release|Any CPU
		{91E9FB24-0EAC-4F21-B2C8-246332DBA26F}.AppStore|Any CPU.Build.0 = Release|Any CPU
		{91E9FB24-0EAC-4F21-B2C8-246332DBA26F}.AppStore|Any CPU.Deploy.0 = Release|Any CPU
		{91E9FB24-0EAC-4F21-B2C8-246332DBA26F}.AppStore|iPhone.ActiveCfg = Release|Any CPU
		{91E9FB24-0EAC-4F21-B2C8-246332DBA26F}.AppStore|iPhone.Build.0 = Release|Any CPU
		{91E9FB24-0EAC-4F21-B2C8-246332DBA26F}.AppStore|iPhone.Deploy.0 = Release|Any CPU
		{91E9FB24-0EAC-4F21-B2C8-246332DBA26F}.AppStore|iPhoneSimulator.ActiveCfg = Release|Any CPU
		{91E9FB24-0EAC-4F21-B2C8-246332DBA26F}.AppStore|iPhoneSimulator.Build.0 = Release|Any CPU
		{91E9FB24-0EAC-4F21-B2C8-246332DBA26F}.AppStore|iPhoneSimulator.Deploy.0 = Release|Any CPU
		{91E9FB24-0EAC-4F21-B2C8-246332DBA26F}.Debug|Any CPU.ActiveCfg = Debug|Any CPU
		{91E9FB24-0EAC-4F21-B2C8-246332DBA26F}.Debug|Any CPU.Build.0 = Debug|Any CPU
		{91E9FB24-0EAC-4F21-B2C8-246332DBA26F}.Debug|Any CPU.Deploy.0 = Debug|Any CPU
		{91E9FB24-0EAC-4F21-B2C8-246332DBA26F}.Debug|iPhone.ActiveCfg = Debug|Any CPU
		{91E9FB24-0EAC-4F21-B2C8-246332DBA26F}.Debug|iPhone.Build.0 = Debug|Any CPU
		{91E9FB24-0EAC-4F21-B2C8-246332DBA26F}.Debug|iPhone.Deploy.0 = Debug|Any CPU
		{91E9FB24-0EAC-4F21-B2C8-246332DBA26F}.Debug|iPhoneSimulator.ActiveCfg = Debug|Any CPU
		{91E9FB24-0EAC-4F21-B2C8-246332DBA26F}.Debug|iPhoneSimulator.Build.0 = Debug|Any CPU
		{91E9FB24-0EAC-4F21-B2C8-246332DBA26F}.Debug|iPhoneSimulator.Deploy.0 = Debug|Any CPU
		{91E9FB24-0EAC-4F21-B2C8-246332DBA26F}.Release|Any CPU.ActiveCfg = Release|Any CPU
		{91E9FB24-0EAC-4F21-B2C8-246332DBA26F}.Release|Any CPU.Build.0 = Release|Any CPU
		{91E9FB24-0EAC-4F21-B2C8-246332DBA26F}.Release|Any CPU.Deploy.0 = Release|Any CPU
		{91E9FB24-0EAC-4F21-B2C8-246332DBA26F}.Release|iPhone.ActiveCfg = Release|Any CPU
		{91E9FB24-0EAC-4F21-B2C8-246332DBA26F}.Release|iPhone.Build.0 = Release|Any CPU
		{91E9FB24-0EAC-4F21-B2C8-246332DBA26F}.Release|iPhone.Deploy.0 = Release|Any CPU
		{91E9FB24-0EAC-4F21-B2C8-246332DBA26F}.Release|iPhoneSimulator.ActiveCfg = Release|Any CPU
		{91E9FB24-0EAC-4F21-B2C8-246332DBA26F}.Release|iPhoneSimulator.Build.0 = Release|Any CPU
		{91E9FB24-0EAC-4F21-B2C8-246332DBA26F}.Release|iPhoneSimulator.Deploy.0 = Release|Any CPU
		{B39E5A74-88F2-437D-B69A-2DA3E883172C}.Ad-Hoc|Any CPU.ActiveCfg = Ad-Hoc|iPhone
		{B39E5A74-88F2-437D-B69A-2DA3E883172C}.Ad-Hoc|Any CPU.Build.0 = Ad-Hoc|iPhone
		{B39E5A74-88F2-437D-B69A-2DA3E883172C}.Ad-Hoc|Any CPU.Deploy.0 = Ad-Hoc|iPhone
		{B39E5A74-88F2-437D-B69A-2DA3E883172C}.Ad-Hoc|iPhone.ActiveCfg = Ad-Hoc|iPhone
		{B39E5A74-88F2-437D-B69A-2DA3E883172C}.Ad-Hoc|iPhone.Build.0 = Ad-Hoc|iPhone
		{B39E5A74-88F2-437D-B69A-2DA3E883172C}.Ad-Hoc|iPhone.Deploy.0 = Ad-Hoc|iPhone
		{B39E5A74-88F2-437D-B69A-2DA3E883172C}.Ad-Hoc|iPhoneSimulator.ActiveCfg = Ad-Hoc|iPhoneSimulator
		{B39E5A74-88F2-437D-B69A-2DA3E883172C}.Ad-Hoc|iPhoneSimulator.Build.0 = Ad-Hoc|iPhoneSimulator
		{B39E5A74-88F2-437D-B69A-2DA3E883172C}.Ad-Hoc|iPhoneSimulator.Deploy.0 = Ad-Hoc|iPhoneSimulator
		{B39E5A74-88F2-437D-B69A-2DA3E883172C}.AppStore|Any CPU.ActiveCfg = AppStore|iPhone
		{B39E5A74-88F2-437D-B69A-2DA3E883172C}.AppStore|Any CPU.Build.0 = AppStore|iPhone
		{B39E5A74-88F2-437D-B69A-2DA3E883172C}.AppStore|Any CPU.Deploy.0 = AppStore|iPhone
		{B39E5A74-88F2-437D-B69A-2DA3E883172C}.AppStore|iPhone.ActiveCfg = AppStore|iPhone
		{B39E5A74-88F2-437D-B69A-2DA3E883172C}.AppStore|iPhone.Build.0 = AppStore|iPhone
		{B39E5A74-88F2-437D-B69A-2DA3E883172C}.AppStore|iPhone.Deploy.0 = AppStore|iPhone
		{B39E5A74-88F2-437D-B69A-2DA3E883172C}.AppStore|iPhoneSimulator.ActiveCfg = AppStore|iPhoneSimulator
		{B39E5A74-88F2-437D-B69A-2DA3E883172C}.AppStore|iPhoneSimulator.Build.0 = AppStore|iPhoneSimulator
		{B39E5A74-88F2-437D-B69A-2DA3E883172C}.AppStore|iPhoneSimulator.Deploy.0 = AppStore|iPhoneSimulator
		{B39E5A74-88F2-437D-B69A-2DA3E883172C}.Debug|Any CPU.ActiveCfg = Debug|iPhoneSimulator
		{B39E5A74-88F2-437D-B69A-2DA3E883172C}.Debug|Any CPU.Build.0 = Debug|iPhoneSimulator
		{B39E5A74-88F2-437D-B69A-2DA3E883172C}.Debug|Any CPU.Deploy.0 = Debug|iPhoneSimulator
		{B39E5A74-88F2-437D-B69A-2DA3E883172C}.Debug|iPhone.ActiveCfg = Debug|iPhone
		{B39E5A74-88F2-437D-B69A-2DA3E883172C}.Debug|iPhone.Build.0 = Debug|iPhone
		{B39E5A74-88F2-437D-B69A-2DA3E883172C}.Debug|iPhone.Deploy.0 = Debug|iPhone
		{B39E5A74-88F2-437D-B69A-2DA3E883172C}.Debug|iPhoneSimulator.ActiveCfg = Debug|iPhoneSimulator
		{B39E5A74-88F2-437D-B69A-2DA3E883172C}.Debug|iPhoneSimulator.Build.0 = Debug|iPhoneSimulator
		{B39E5A74-88F2-437D-B69A-2DA3E883172C}.Debug|iPhoneSimulator.Deploy.0 = Debug|iPhoneSimulator
		{B39E5A74-88F2-437D-B69A-2DA3E883172C}.Release|Any CPU.ActiveCfg = Release|iPhone
		{B39E5A74-88F2-437D-B69A-2DA3E883172C}.Release|Any CPU.Build.0 = Release|iPhone
		{B39E5A74-88F2-437D-B69A-2DA3E883172C}.Release|Any CPU.Deploy.0 = Release|iPhone
		{B39E5A74-88F2-437D-B69A-2DA3E883172C}.Release|iPhone.ActiveCfg = Release|iPhone
		{B39E5A74-88F2-437D-B69A-2DA3E883172C}.Release|iPhone.Build.0 = Release|iPhone
		{B39E5A74-88F2-437D-B69A-2DA3E883172C}.Release|iPhone.Deploy.0 = Release|iPhone
		{B39E5A74-88F2-437D-B69A-2DA3E883172C}.Release|iPhoneSimulator.ActiveCfg = Release|iPhoneSimulator
		{B39E5A74-88F2-437D-B69A-2DA3E883172C}.Release|iPhoneSimulator.Build.0 = Release|iPhoneSimulator
		{B39E5A74-88F2-437D-B69A-2DA3E883172C}.Release|iPhoneSimulator.Deploy.0 = Release|iPhoneSimulator
		{1D27E7D0-22ED-495C-8A25-7B9AECDF36AA}.Ad-Hoc|Any CPU.ActiveCfg = Debug|Any CPU
		{1D27E7D0-22ED-495C-8A25-7B9AECDF36AA}.Ad-Hoc|Any CPU.Build.0 = Debug|Any CPU
		{1D27E7D0-22ED-495C-8A25-7B9AECDF36AA}.Ad-Hoc|Any CPU.Deploy.0 = Debug|Any CPU
		{1D27E7D0-22ED-495C-8A25-7B9AECDF36AA}.Ad-Hoc|iPhone.ActiveCfg = Debug|Any CPU
		{1D27E7D0-22ED-495C-8A25-7B9AECDF36AA}.Ad-Hoc|iPhone.Build.0 = Debug|Any CPU
		{1D27E7D0-22ED-495C-8A25-7B9AECDF36AA}.Ad-Hoc|iPhone.Deploy.0 = Debug|Any CPU
		{1D27E7D0-22ED-495C-8A25-7B9AECDF36AA}.Ad-Hoc|iPhoneSimulator.ActiveCfg = Debug|Any CPU
		{1D27E7D0-22ED-495C-8A25-7B9AECDF36AA}.Ad-Hoc|iPhoneSimulator.Build.0 = Debug|Any CPU
		{1D27E7D0-22ED-495C-8A25-7B9AECDF36AA}.Ad-Hoc|iPhoneSimulator.Deploy.0 = Debug|Any CPU
		{1D27E7D0-22ED-495C-8A25-7B9AECDF36AA}.AppStore|Any CPU.ActiveCfg = Debug|Any CPU
		{1D27E7D0-22ED-495C-8A25-7B9AECDF36AA}.AppStore|Any CPU.Build.0 = Debug|Any CPU
		{1D27E7D0-22ED-495C-8A25-7B9AECDF36AA}.AppStore|Any CPU.Deploy.0 = Debug|Any CPU
		{1D27E7D0-22ED-495C-8A25-7B9AECDF36AA}.AppStore|iPhone.ActiveCfg = Debug|Any CPU
		{1D27E7D0-22ED-495C-8A25-7B9AECDF36AA}.AppStore|iPhone.Build.0 = Debug|Any CPU
		{1D27E7D0-22ED-495C-8A25-7B9AECDF36AA}.AppStore|iPhone.Deploy.0 = Debug|Any CPU
		{1D27E7D0-22ED-495C-8A25-7B9AECDF36AA}.AppStore|iPhoneSimulator.ActiveCfg = Debug|Any CPU
		{1D27E7D0-22ED-495C-8A25-7B9AECDF36AA}.AppStore|iPhoneSimulator.Build.0 = Debug|Any CPU
		{1D27E7D0-22ED-495C-8A25-7B9AECDF36AA}.AppStore|iPhoneSimulator.Deploy.0 = Debug|Any CPU
		{1D27E7D0-22ED-495C-8A25-7B9AECDF36AA}.Debug|Any CPU.ActiveCfg = Debug|Any CPU
		{1D27E7D0-22ED-495C-8A25-7B9AECDF36AA}.Debug|Any CPU.Build.0 = Debug|Any CPU
		{1D27E7D0-22ED-495C-8A25-7B9AECDF36AA}.Debug|Any CPU.Deploy.0 = Debug|Any CPU
		{1D27E7D0-22ED-495C-8A25-7B9AECDF36AA}.Debug|iPhone.ActiveCfg = Debug|Any CPU
		{1D27E7D0-22ED-495C-8A25-7B9AECDF36AA}.Debug|iPhone.Build.0 = Debug|Any CPU
		{1D27E7D0-22ED-495C-8A25-7B9AECDF36AA}.Debug|iPhone.Deploy.0 = Debug|Any CPU
		{1D27E7D0-22ED-495C-8A25-7B9AECDF36AA}.Debug|iPhoneSimulator.ActiveCfg = Debug|Any CPU
		{1D27E7D0-22ED-495C-8A25-7B9AECDF36AA}.Debug|iPhoneSimulator.Build.0 = Debug|Any CPU
		{1D27E7D0-22ED-495C-8A25-7B9AECDF36AA}.Debug|iPhoneSimulator.Deploy.0 = Debug|Any CPU
		{1D27E7D0-22ED-495C-8A25-7B9AECDF36AA}.Release|Any CPU.ActiveCfg = Release|Any CPU
		{1D27E7D0-22ED-495C-8A25-7B9AECDF36AA}.Release|Any CPU.Build.0 = Release|Any CPU
		{1D27E7D0-22ED-495C-8A25-7B9AECDF36AA}.Release|Any CPU.Deploy.0 = Release|Any CPU
		{1D27E7D0-22ED-495C-8A25-7B9AECDF36AA}.Release|iPhone.ActiveCfg = Release|Any CPU
		{1D27E7D0-22ED-495C-8A25-7B9AECDF36AA}.Release|iPhone.Build.0 = Release|Any CPU
		{1D27E7D0-22ED-495C-8A25-7B9AECDF36AA}.Release|iPhone.Deploy.0 = Release|Any CPU
		{1D27E7D0-22ED-495C-8A25-7B9AECDF36AA}.Release|iPhoneSimulator.ActiveCfg = Release|Any CPU
		{1D27E7D0-22ED-495C-8A25-7B9AECDF36AA}.Release|iPhoneSimulator.Build.0 = Release|Any CPU
		{1D27E7D0-22ED-495C-8A25-7B9AECDF36AA}.Release|iPhoneSimulator.Deploy.0 = Release|Any CPU
	EndGlobalSection
	GlobalSection(SolutionProperties) = preSolution
		HideSolutionNode = FALSE
	EndGlobalSection
	GlobalSection(ExtensibilityGlobals) = postSolution
		SolutionGuid = {B8AE21B3-7FB2-401D-B28D-13EE9E3DDDF0}
	EndGlobalSection
EndGlobal
